
Microsoft Visual Studio Solution File, Format Version 12.00
# Visual Studio Version 17
VisualStudioVersion = 17.9.34607.119
MinimumVisualStudioVersion = 10.0.40219.1
Project("{FAE04EC0-301F-11D3-BF4B-00C04F79EFBC}") = "Picthrive", "Picthrive\Picthrive.csproj", "{A14797EF-184F-4CF1-ABBB-481ABC59AA6D}"
EndProject
Global
	GlobalSection(SolutionConfigurationPlatforms) = preSolution
		Debug|Any CPU = Debug|Any CPU
		Release|Any CPU = Release|Any CPU
	EndGlobalSection
	GlobalSection(ProjectConfigurationPlatforms) = postSolution
		{A14797EF-184F-4CF1-ABBB-481ABC59AA6D}.Debug|Any CPU.ActiveCfg = Debug|Any CPU
		{A14797EF-184F-4CF1-ABBB-481ABC59AA6D}.Debug|Any CPU.Build.0 = Debug|Any CPU
		{A14797EF-184F-4CF1-ABBB-481ABC59AA6D}.Release|Any CPU.ActiveCfg = Release|Any CPU
		{A14797EF-184F-4CF1-ABBB-481ABC59AA6D}.Release|Any CPU.Build.0 = Release|Any CPU
	EndGlobalSection
	GlobalSection(SolutionProperties) = preSolution
		HideSolutionNode = FALSE
	EndGlobalSection
	GlobalSection(ExtensibilityGlobals) = postSolution
		SolutionGuid = {6D78512E-C591-4073-8292-7E4DC6110535}
	EndGlobalSection
EndGlobal
